// !$*UTF8*$!
{
	archiveVersion = 1;
	classes = {
	};
	objectVersion = 46;
	objects = {

/* Begin PBXBuildFile section */
		5AED137513E803FE421BDCFB /* Pods_TableView.framework in Frameworks */ = {isa = PBXBuildFile; fileRef = 392A57F5916C77DA1880ED15 /* Pods_TableView.framework */; };
		AF07BBA81FFD1994008463AF /* Feature.swift in Sources */ = {isa = PBXBuildFile; fileRef = AF07BBA71FFD1994008463AF /* Feature.swift */; };
		AF07BBAF1FFD2AB6008463AF /* Features.plist in Resources */ = {isa = PBXBuildFile; fileRef = AF07BBAE1FFD2AB6008463AF /* Features.plist */; };
		AF61D48D1D5B96750053E112 /* AppDelegate.swift in Sources */ = {isa = PBXBuildFile; fileRef = AF61D48C1D5B96750053E112 /* AppDelegate.swift */; };
		AF61D48F1D5B96750053E112 /* MainViewController.swift in Sources */ = {isa = PBXBuildFile; fileRef = AF61D48E1D5B96750053E112 /* MainViewController.swift */; };
		AF61D4921D5B96750053E112 /* Main.storyboard in Resources */ = {isa = PBXBuildFile; fileRef = AF61D4901D5B96750053E112 /* Main.storyboard */; };
		AF61D4941D5B96750053E112 /* Assets.xcassets in Resources */ = {isa = PBXBuildFile; fileRef = AF61D4931D5B96750053E112 /* Assets.xcassets */; };
		AF61D4971D5B96750053E112 /* LaunchScreen.storyboard in Resources */ = {isa = PBXBuildFile; fileRef = AF61D4951D5B96750053E112 /* LaunchScreen.storyboard */; };
		AF61D4A91D5B9A4C0053E112 /* UserCell.swift in Sources */ = {isa = PBXBuildFile; fileRef = AF61D4A81D5B9A4C0053E112 /* UserCell.swift */; };
		AFBDA5AE1E4E428F009787AE /* NSError+Util.swift in Sources */ = {isa = PBXBuildFile; fileRef = AFBDA5AB1E4E428F009787AE /* NSError+Util.swift */; };
		AFBDA5AF1E4E428F009787AE /* UIImageView+Util.swift in Sources */ = {isa = PBXBuildFile; fileRef = AFBDA5AC1E4E428F009787AE /* UIImageView+Util.swift */; };
		AFBDA5B01E4E428F009787AE /* UIViewController+Util.swift in Sources */ = {isa = PBXBuildFile; fileRef = AFBDA5AD1E4E428F009787AE /* UIViewController+Util.swift */; };
		AFBDA5B31E4E4299009787AE /* User.swift in Sources */ = {isa = PBXBuildFile; fileRef = AFBDA5B21E4E4299009787AE /* User.swift */; };
		AFBDA5B61E4E429E009787AE /* UserViewModel.swift in Sources */ = {isa = PBXBuildFile; fileRef = AFBDA5B51E4E429E009787AE /* UserViewModel.swift */; };
		AFBDA5B91E4E42A3009787AE /* UserViewModelController.swift in Sources */ = {isa = PBXBuildFile; fileRef = AFBDA5B81E4E42A3009787AE /* UserViewModelController.swift */; };
		AFD250161E549091005BBA4D /* ImageLoadOperation.swift in Sources */ = {isa = PBXBuildFile; fileRef = AFD250151E549091005BBA4D /* ImageLoadOperation.swift */; };
		AFD250181E549346005BBA4D /* UIImage+Util.swift in Sources */ = {isa = PBXBuildFile; fileRef = AFD250171E549346005BBA4D /* UIImage+Util.swift */; };
/* End PBXBuildFile section */

/* Begin PBXFileReference section */
		392A57F5916C77DA1880ED15 /* Pods_TableView.framework */ = {isa = PBXFileReference; explicitFileType = wrapper.framework; includeInIndex = 0; path = Pods_TableView.framework; sourceTree = BUILT_PRODUCTS_DIR; };
		978AB6D4B126F91B4B2547B6 /* Pods-TableView.debug.xcconfig */ = {isa = PBXFileReference; includeInIndex = 1; lastKnownFileType = text.xcconfig; name = "Pods-TableView.debug.xcconfig"; path = "Pods/Target Support Files/Pods-TableView/Pods-TableView.debug.xcconfig"; sourceTree = "<group>"; };
		AF07BBA71FFD1994008463AF /* Feature.swift */ = {isa = PBXFileReference; fileEncoding = 4; lastKnownFileType = sourcecode.swift; path = Feature.swift; sourceTree = "<group>"; };
		AF07BBAE1FFD2AB6008463AF /* Features.plist */ = {isa = PBXFileReference; fileEncoding = 4; lastKnownFileType = text.plist.xml; path = Features.plist; sourceTree = "<group>"; };
		AF61D4891D5B96750053E112 /* TableView.app */ = {isa = PBXFileReference; explicitFileType = wrapper.application; includeInIndex = 0; path = TableView.app; sourceTree = BUILT_PRODUCTS_DIR; };
		AF61D48C1D5B96750053E112 /* AppDelegate.swift */ = {isa = PBXFileReference; lastKnownFileType = sourcecode.swift; path = AppDelegate.swift; sourceTree = "<group>"; };
		AF61D48E1D5B96750053E112 /* MainViewController.swift */ = {isa = PBXFileReference; lastKnownFileType = sourcecode.swift; path = MainViewController.swift; sourceTree = "<group>"; };
		AF61D4911D5B96750053E112 /* Base */ = {isa = PBXFileReference; lastKnownFileType = file.storyboard; name = Base; path = Base.lproj/Main.storyboard; sourceTree = "<group>"; };
		AF61D4931D5B96750053E112 /* Assets.xcassets */ = {isa = PBXFileReference; lastKnownFileType = folder.assetcatalog; path = Assets.xcassets; sourceTree = "<group>"; };
		AF61D4961D5B96750053E112 /* Base */ = {isa = PBXFileReference; lastKnownFileType = file.storyboard; name = Base; path = Base.lproj/LaunchScreen.storyboard; sourceTree = "<group>"; };
		AF61D4981D5B96750053E112 /* Info.plist */ = {isa = PBXFileReference; lastKnownFileType = text.plist.xml; path = Info.plist; sourceTree = "<group>"; };
		AF61D4A81D5B9A4C0053E112 /* UserCell.swift */ = {isa = PBXFileReference; fileEncoding = 4; lastKnownFileType = sourcecode.swift; path = UserCell.swift; sourceTree = "<group>"; };
		AFBDA5AB1E4E428F009787AE /* NSError+Util.swift */ = {isa = PBXFileReference; fileEncoding = 4; lastKnownFileType = sourcecode.swift; path = "NSError+Util.swift"; sourceTree = "<group>"; };
		AFBDA5AC1E4E428F009787AE /* UIImageView+Util.swift */ = {isa = PBXFileReference; fileEncoding = 4; lastKnownFileType = sourcecode.swift; path = "UIImageView+Util.swift"; sourceTree = "<group>"; };
		AFBDA5AD1E4E428F009787AE /* UIViewController+Util.swift */ = {isa = PBXFileReference; fileEncoding = 4; lastKnownFileType = sourcecode.swift; path = "UIViewController+Util.swift"; sourceTree = "<group>"; };
		AFBDA5B21E4E4299009787AE /* User.swift */ = {isa = PBXFileReference; fileEncoding = 4; lastKnownFileType = sourcecode.swift; path = User.swift; sourceTree = "<group>"; };
		AFBDA5B51E4E429E009787AE /* UserViewModel.swift */ = {isa = PBXFileReference; fileEncoding = 4; lastKnownFileType = sourcecode.swift; path = UserViewModel.swift; sourceTree = "<group>"; };
		AFBDA5B81E4E42A3009787AE /* UserViewModelController.swift */ = {isa = PBXFileReference; fileEncoding = 4; lastKnownFileType = sourcecode.swift; path = UserViewModelController.swift; sourceTree = "<group>"; };
		AFD250151E549091005BBA4D /* ImageLoadOperation.swift */ = {isa = PBXFileReference; fileEncoding = 4; lastKnownFileType = sourcecode.swift; path = ImageLoadOperation.swift; sourceTree = "<group>"; };
		AFD250171E549346005BBA4D /* UIImage+Util.swift */ = {isa = PBXFileReference; fileEncoding = 4; lastKnownFileType = sourcecode.swift; path = "UIImage+Util.swift"; sourceTree = "<group>"; };
		CBF17E4E97BE78859360CF25 /* Pods-TableView.release.xcconfig */ = {isa = PBXFileReference; includeInIndex = 1; lastKnownFileType = text.xcconfig; name = "Pods-TableView.release.xcconfig"; path = "Pods/Target Support Files/Pods-TableView/Pods-TableView.release.xcconfig"; sourceTree = "<group>"; };
/* End PBXFileReference section */

/* Begin PBXFrameworksBuildPhase section */
		AF61D4861D5B96750053E112 /* Frameworks */ = {
			isa = PBXFrameworksBuildPhase;
			buildActionMask = 2147483647;
			files = (
				5AED137513E803FE421BDCFB /* Pods_TableView.framework in Frameworks */,
			);
			runOnlyForDeploymentPostprocessing = 0;
		};
/* End PBXFrameworksBuildPhase section */

/* Begin PBXGroup section */
		8280E22BAD38E30449FAFBB3 /* Frameworks */ = {
			isa = PBXGroup;
			children = (
				392A57F5916C77DA1880ED15 /* Pods_TableView.framework */,
			);
			name = Frameworks;
			sourceTree = "<group>";
		};
		AF07BBA61FFD1994008463AF /* Configurations */ = {
			isa = PBXGroup;
			children = (
				AF07BBA71FFD1994008463AF /* Feature.swift */,
				AF07BBAE1FFD2AB6008463AF /* Features.plist */,
			);
			name = Configurations;
			path = ../../Shared/Configurations;
			sourceTree = "<group>";
		};
		AF61D4801D5B96750053E112 = {
			isa = PBXGroup;
			children = (
				AF61D48B1D5B96750053E112 /* TableView */,
				AF61D48A1D5B96750053E112 /* Products */,
				F42F44C2E973260E9D17549C /* Pods */,
				8280E22BAD38E30449FAFBB3 /* Frameworks */,
			);
			sourceTree = "<group>";
		};
		AF61D48A1D5B96750053E112 /* Products */ = {
			isa = PBXGroup;
			children = (
				AF61D4891D5B96750053E112 /* TableView.app */,
			);
			name = Products;
			sourceTree = "<group>";
		};
		AF61D48B1D5B96750053E112 /* TableView */ = {
			isa = PBXGroup;
			children = (
				AF07BBA61FFD1994008463AF /* Configurations */,
				AFBDA5AA1E4E428F009787AE /* Extensions */,
				AFBDA5B11E4E4299009787AE /* Models */,
				AFBDA5B41E4E429E009787AE /* ViewModels */,
				AFBDA5B71E4E42A3009787AE /* Controllers */,
				AF61D4A21D5B98150053E112 /* TableViewCells */,
				AFD250141E549091005BBA4D /* Operations */,
				AF61D48C1D5B96750053E112 /* AppDelegate.swift */,
				AF61D48E1D5B96750053E112 /* MainViewController.swift */,
				AF61D4901D5B96750053E112 /* Main.storyboard */,
				AF61D4931D5B96750053E112 /* Assets.xcassets */,
				AF61D4951D5B96750053E112 /* LaunchScreen.storyboard */,
				AF61D4981D5B96750053E112 /* Info.plist */,
			);
			path = TableView;
			sourceTree = "<group>";
		};
		AF61D4A21D5B98150053E112 /* TableViewCells */ = {
			isa = PBXGroup;
			children = (
				AF61D4A81D5B9A4C0053E112 /* UserCell.swift */,
			);
			name = TableViewCells;
			sourceTree = "<group>";
		};
		AFBDA5AA1E4E428F009787AE /* Extensions */ = {
			isa = PBXGroup;
			children = (
				AFBDA5AB1E4E428F009787AE /* NSError+Util.swift */,
				AFD250171E549346005BBA4D /* UIImage+Util.swift */,
				AFBDA5AC1E4E428F009787AE /* UIImageView+Util.swift */,
				AFBDA5AD1E4E428F009787AE /* UIViewController+Util.swift */,
			);
			name = Extensions;
			path = ../../Shared/Extensions;
			sourceTree = "<group>";
		};
		AFBDA5B11E4E4299009787AE /* Models */ = {
			isa = PBXGroup;
			children = (
				AFBDA5B21E4E4299009787AE /* User.swift */,
			);
			name = Models;
			path = ../../Shared/Models;
			sourceTree = "<group>";
		};
		AFBDA5B41E4E429E009787AE /* ViewModels */ = {
			isa = PBXGroup;
			children = (
				AFBDA5B51E4E429E009787AE /* UserViewModel.swift */,
			);
			name = ViewModels;
			path = ../../Shared/ViewModels;
			sourceTree = "<group>";
		};
		AFBDA5B71E4E42A3009787AE /* Controllers */ = {
			isa = PBXGroup;
			children = (
				AFBDA5B81E4E42A3009787AE /* UserViewModelController.swift */,
			);
			name = Controllers;
			path = ../../Shared/Controllers;
			sourceTree = "<group>";
		};
		AFD250141E549091005BBA4D /* Operations */ = {
			isa = PBXGroup;
			children = (
				AFD250151E549091005BBA4D /* ImageLoadOperation.swift */,
			);
			name = Operations;
			path = ../../Shared/Prefetch;
			sourceTree = "<group>";
		};
		F42F44C2E973260E9D17549C /* Pods */ = {
			isa = PBXGroup;
			children = (
				978AB6D4B126F91B4B2547B6 /* Pods-TableView.debug.xcconfig */,
				CBF17E4E97BE78859360CF25 /* Pods-TableView.release.xcconfig */,
			);
			name = Pods;
			sourceTree = "<group>";
		};
/* End PBXGroup section */

/* Begin PBXNativeTarget section */
		AF61D4881D5B96750053E112 /* TableView */ = {
			isa = PBXNativeTarget;
			buildConfigurationList = AF61D49B1D5B96750053E112 /* Build configuration list for PBXNativeTarget "TableView" */;
			buildPhases = (
				96E72CEFC2691ADE663A3887 /* [CP] Check Pods Manifest.lock */,
				AF61D4851D5B96750053E112 /* Sources */,
				AF61D4861D5B96750053E112 /* Frameworks */,
				AF61D4871D5B96750053E112 /* Resources */,
				4F8A003A1AF858A34812DFD9 /* [CP] Embed Pods Frameworks */,
				5681E2CD216F185B9322E400 /* [CP] Copy Pods Resources */,
			);
			buildRules = (
			);
			dependencies = (
			);
			name = TableView;
			productName = TableView;
			productReference = AF61D4891D5B96750053E112 /* TableView.app */;
			productType = "com.apple.product-type.application";
		};
/* End PBXNativeTarget section */

/* Begin PBXProject section */
		AF61D4811D5B96750053E112 /* Project object */ = {
			isa = PBXProject;
			attributes = {
				LastSwiftUpdateCheck = 0730;
				LastUpgradeCheck = 0820;
				ORGANIZATIONNAME = "Prearo, Andrea";
				TargetAttributes = {
					AF61D4881D5B96750053E112 = {
						CreatedOnToolsVersion = 7.3.1;
						DevelopmentTeam = F5KMDL9X5Y;
						LastSwiftMigration = 0830;
					};
				};
			};
			buildConfigurationList = AF61D4841D5B96750053E112 /* Build configuration list for PBXProject "TableView" */;
			compatibilityVersion = "Xcode 3.2";
			developmentRegion = English;
			hasScannedForEncodings = 0;
			knownRegions = (
				en,
				Base,
			);
			mainGroup = AF61D4801D5B96750053E112;
			productRefGroup = AF61D48A1D5B96750053E112 /* Products */;
			projectDirPath = "";
			projectRoot = "";
			targets = (
				AF61D4881D5B96750053E112 /* TableView */,
			);
		};
/* End PBXProject section */

/* Begin PBXResourcesBuildPhase section */
		AF61D4871D5B96750053E112 /* Resources */ = {
			isa = PBXResourcesBuildPhase;
			buildActionMask = 2147483647;
			files = (
				AF61D4971D5B96750053E112 /* LaunchScreen.storyboard in Resources */,
				AF61D4941D5B96750053E112 /* Assets.xcassets in Resources */,
				AF61D4921D5B96750053E112 /* Main.storyboard in Resources */,
				AF07BBAF1FFD2AB6008463AF /* Features.plist in Resources */,
			);
			runOnlyForDeploymentPostprocessing = 0;
		};
/* End PBXResourcesBuildPhase section */

/* Begin PBXShellScriptBuildPhase section */
		4F8A003A1AF858A34812DFD9 /* [CP] Embed Pods Frameworks */ = {
			isa = PBXShellScriptBuildPhase;
			buildActionMask = 2147483647;
			files = (
			);
			inputPaths = (
			);
			name = "[CP] Embed Pods Frameworks";
			outputPaths = (
			);
			runOnlyForDeploymentPostprocessing = 0;
			shellPath = /bin/sh;
			shellScript = "\"${SRCROOT}/Pods/Target Support Files/Pods-TableView/Pods-TableView-frameworks.sh\"\n";
			showEnvVarsInLog = 0;
		};
		5681E2CD216F185B9322E400 /* [CP] Copy Pods Resources */ = {
			isa = PBXShellScriptBuildPhase;
			buildActionMask = 2147483647;
			files = (
			);
			inputPaths = (
			);
			name = "[CP] Copy Pods Resources";
			outputPaths = (
			);
			runOnlyForDeploymentPostprocessing = 0;
			shellPath = /bin/sh;
			shellScript = "\"${SRCROOT}/Pods/Target Support Files/Pods-TableView/Pods-TableView-resources.sh\"\n";
			showEnvVarsInLog = 0;
		};
		96E72CEFC2691ADE663A3887 /* [CP] Check Pods Manifest.lock */ = {
			isa = PBXShellScriptBuildPhase;
			buildActionMask = 2147483647;
			files = (
			);
			inputPaths = (
			);
			name = "[CP] Check Pods Manifest.lock";
			outputPaths = (
			);
			runOnlyForDeploymentPostprocessing = 0;
			shellPath = /bin/sh;
			shellScript = "diff \"${PODS_ROOT}/../Podfile.lock\" \"${PODS_ROOT}/Manifest.lock\" > /dev/null\nif [ $? != 0 ] ; then\n    # print error to STDERR\n    echo \"error: The sandbox is not in sync with the Podfile.lock. Run 'pod install' or update your CocoaPods installation.\" >&2\n    exit 1\nfi\n";
			showEnvVarsInLog = 0;
		};
/* End PBXShellScriptBuildPhase section */

/* Begin PBXSourcesBuildPhase section */
		AF61D4851D5B96750053E112 /* Sources */ = {
			isa = PBXSourcesBuildPhase;
			buildActionMask = 2147483647;
			files = (
				AF07BBA81FFD1994008463AF /* Feature.swift in Sources */,
				AFBDA5B01E4E428F009787AE /* UIViewController+Util.swift in Sources */,
				AFBDA5B61E4E429E009787AE /* UserViewModel.swift in Sources */,
				AFBDA5AF1E4E428F009787AE /* UIImageView+Util.swift in Sources */,
				AFD250181E549346005BBA4D /* UIImage+Util.swift in Sources */,
				AF61D48F1D5B96750053E112 /* MainViewController.swift in Sources */,
				AFBDA5AE1E4E428F009787AE /* NSError+Util.swift in Sources */,
				AF61D4A91D5B9A4C0053E112 /* UserCell.swift in Sources */,
				AFD250161E549091005BBA4D /* ImageLoadOperation.swift in Sources */,
				AFBDA5B91E4E42A3009787AE /* UserViewModelController.swift in Sources */,
				AF61D48D1D5B96750053E112 /* AppDelegate.swift in Sources */,
				AFBDA5B31E4E4299009787AE /* User.swift in Sources */,
			);
			runOnlyForDeploymentPostprocessing = 0;
		};
/* End PBXSourcesBuildPhase section */

/* Begin PBXVariantGroup section */
		AF61D4901D5B96750053E112 /* Main.storyboard */ = {
			isa = PBXVariantGroup;
			children = (
				AF61D4911D5B96750053E112 /* Base */,
			);
			name = Main.storyboard;
			sourceTree = "<group>";
		};
		AF61D4951D5B96750053E112 /* LaunchScreen.storyboard */ = {
			isa = PBXVariantGroup;
			children = (
				AF61D4961D5B96750053E112 /* Base */,
			);
			name = LaunchScreen.storyboard;
			sourceTree = "<group>";
		};
/* End PBXVariantGroup section */

/* Begin XCBuildConfiguration section */
		AF61D4991D5B96750053E112 /* Debug */ = {
			isa = XCBuildConfiguration;
			buildSettings = {
				ALWAYS_SEARCH_USER_PATHS = NO;
				CLANG_ANALYZER_NONNULL = YES;
				CLANG_CXX_LANGUAGE_STANDARD = "gnu++0x";
				CLANG_CXX_LIBRARY = "libc++";
				CLANG_ENABLE_MODULES = YES;
				CLANG_ENABLE_OBJC_ARC = YES;
				CLANG_WARN_BOOL_CONVERSION = YES;
				CLANG_WARN_CONSTANT_CONVERSION = YES;
				CLANG_WARN_DIRECT_OBJC_ISA_USAGE = YES_ERROR;
				CLANG_WARN_EMPTY_BODY = YES;
				CLANG_WARN_ENUM_CONVERSION = YES;
				CLANG_WARN_INFINITE_RECURSION = YES;
				CLANG_WARN_INT_CONVERSION = YES;
				CLANG_WARN_OBJC_ROOT_CLASS = YES_ERROR;
				CLANG_WARN_SUSPICIOUS_MOVE = YES;
				CLANG_WARN_UNREACHABLE_CODE = YES;
				CLANG_WARN__DUPLICATE_METHOD_MATCH = YES;
				"CODE_SIGN_IDENTITY[sdk=iphoneos*]" = "iPhone Developer";
				COPY_PHASE_STRIP = NO;
				DEBUG_INFORMATION_FORMAT = dwarf;
				ENABLE_STRICT_OBJC_MSGSEND = YES;
				ENABLE_TESTABILITY = YES;
				GCC_C_LANGUAGE_STANDARD = gnu99;
				GCC_DYNAMIC_NO_PIC = NO;
				GCC_NO_COMMON_BLOCKS = YES;
				GCC_OPTIMIZATION_LEVEL = 0;
				GCC_PREPROCESSOR_DEFINITIONS = (
					"DEBUG=1",
					"$(inherited)",
				);
				GCC_WARN_64_TO_32_BIT_CONVERSION = YES;
				GCC_WARN_ABOUT_RETURN_TYPE = YES_ERROR;
				GCC_WARN_UNDECLARED_SELECTOR = YES;
				GCC_WARN_UNINITIALIZED_AUTOS = YES_AGGRESSIVE;
				GCC_WARN_UNUSED_FUNCTION = YES;
				GCC_WARN_UNUSED_VARIABLE = YES;
				IPHONEOS_DEPLOYMENT_TARGET = 9.3;
				MTL_ENABLE_DEBUG_INFO = YES;
				ONLY_ACTIVE_ARCH = YES;
				SDKROOT = iphoneos;
				SWIFT_OPTIMIZATION_LEVEL = "-Onone";
				TARGETED_DEVICE_FAMILY = "1,2";
			};
			name = Debug;
		};
		AF61D49A1D5B96750053E112 /* Release */ = {
			isa = XCBuildConfiguration;
			buildSettings = {
				ALWAYS_SEARCH_USER_PATHS = NO;
				CLANG_ANALYZER_NONNULL = YES;
				CLANG_CXX_LANGUAGE_STANDARD = "gnu++0x";
				CLANG_CXX_LIBRARY = "libc++";
				CLANG_ENABLE_MODULES = YES;
				CLANG_ENABLE_OBJC_ARC = YES;
				CLANG_WARN_BOOL_CONVERSION = YES;
				CLANG_WARN_CONSTANT_CONVERSION = YES;
				CLANG_WARN_DIRECT_OBJC_ISA_USAGE = YES_ERROR;
				CLANG_WARN_EMPTY_BODY = YES;
				CLANG_WARN_ENUM_CONVERSION = YES;
				CLANG_WARN_INFINITE_RECURSION = YES;
				CLANG_WARN_INT_CONVERSION = YES;
				CLANG_WARN_OBJC_ROOT_CLASS = YES_ERROR;
				CLANG_WARN_SUSPICIOUS_MOVE = YES;
				CLANG_WARN_UNREACHABLE_CODE = YES;
				CLANG_WARN__DUPLICATE_METHOD_MATCH = YES;
				"CODE_SIGN_IDENTITY[sdk=iphoneos*]" = "iPhone Developer";
				COPY_PHASE_STRIP = NO;
				DEBUG_INFORMATION_FORMAT = "dwarf-with-dsym";
				ENABLE_NS_ASSERTIONS = NO;
				ENABLE_STRICT_OBJC_MSGSEND = YES;
				GCC_C_LANGUAGE_STANDARD = gnu99;
				GCC_NO_COMMON_BLOCKS = YES;
				GCC_WARN_64_TO_32_BIT_CONVERSION = YES;
				GCC_WARN_ABOUT_RETURN_TYPE = YES_ERROR;
				GCC_WARN_UNDECLARED_SELECTOR = YES;
				GCC_WARN_UNINITIALIZED_AUTOS = YES_AGGRESSIVE;
				GCC_WARN_UNUSED_FUNCTION = YES;
				GCC_WARN_UNUSED_VARIABLE = YES;
				IPHONEOS_DEPLOYMENT_TARGET = 9.3;
				MTL_ENABLE_DEBUG_INFO = NO;
				SDKROOT = iphoneos;
				SWIFT_OPTIMIZATION_LEVEL = "-Owholemodule";
				TARGETED_DEVICE_FAMILY = "1,2";
				VALIDATE_PRODUCT = YES;
			};
			name = Release;
		};
		AF61D49C1D5B96750053E112 /* Debug */ = {
			isa = XCBuildConfiguration;
			baseConfigurationReference = 978AB6D4B126F91B4B2547B6 /* Pods-TableView.debug.xcconfig */;
			buildSettings = {
				ASSETCATALOG_COMPILER_APPICON_NAME = AppIcon;
				DEVELOPMENT_TEAM = F5KMDL9X5Y;
				GCC_PREPROCESSOR_DEFINITIONS = (
					"DEBUG=1",
					"$(inherited)",
				);
				INFOPLIST_FILE = TableView/Info.plist;
				LD_RUNPATH_SEARCH_PATHS = "$(inherited) @executable_path/Frameworks";
				OTHER_SWIFT_FLAGS = "";
				PRODUCT_BUNDLE_IDENTIFIER = com.aprearo.SwiftExamples.TableView;
				PRODUCT_NAME = "$(TARGET_NAME)";
				SWIFT_VERSION = 4.0;
			};
			name = Debug;
		};
		AF61D49D1D5B96750053E112 /* Release */ = {
			isa = XCBuildConfiguration;
			baseConfigurationReference = CBF17E4E97BE78859360CF25 /* Pods-TableView.release.xcconfig */;
			buildSettings = {
				ASSETCATALOG_COMPILER_APPICON_NAME = AppIcon;
				DEVELOPMENT_TEAM = F5KMDL9X5Y;
				INFOPLIST_FILE = TableView/Info.plist;
				LD_RUNPATH_SEARCH_PATHS = "$(inherited) @executable_path/Frameworks";
				PRODUCT_BUNDLE_IDENTIFIER = com.aprearo.SwiftExamples.TableView;
				PRODUCT_NAME = "$(TARGET_NAME)";
				SWIFT_VERSION = 4.0;
			};
			name = Release;
		};
/* End XCBuildConfiguration section */

/* Begin XCConfigurationList section */
		AF61D4841D5B96750053E112 /* Build configuration list for PBXProject "TableView" */ = {
			isa = XCConfigurationList;
			buildConfigurations = (
				AF61D4991D5B96750053E112 /* Debug */,
				AF61D49A1D5B96750053E112 /* Release */,
			);
			defaultConfigurationIsVisible = 0;
			defaultConfigurationName = Release;
		};
		AF61D49B1D5B96750053E112 /* Build configuration list for PBXNativeTarget "TableView" */ = {
			isa = XCConfigurationList;
			buildConfigurations = (
				AF61D49C1D5B96750053E112 /* Debug */,
				AF61D49D1D5B96750053E112 /* Release */,
			);
			defaultConfigurationIsVisible = 0;
			defaultConfigurationName = Release;
		};
/* End XCConfigurationList section */
	};
	rootObject = AF61D4811D5B96750053E112 /* Project object */;
}
