// !$*UTF8*$!
{
	archiveVersion = 1;
	classes = {
	};
	objectVersion = 46;
	objects = {

/* Begin PBXBuildFile section */
		AF5157831EB93A0800B4EE5B /* Task.swift in Sources */ = {isa = PBXBuildFile; fileRef = AF51577E1EB93A0800B4EE5B /* Task.swift */; };
		AF5157841EB93A0800B4EE5B /* TaskCell.swift in Sources */ = {isa = PBXBuildFile; fileRef = AF51577F1EB93A0800B4EE5B /* TaskCell.swift */; };
		AF5157851EB93A0800B4EE5B /* TaskHeaderView.swift in Sources */ = {isa = PBXBuildFile; fileRef = AF5157801EB93A0800B4EE5B /* TaskHeaderView.swift */; };
		AF5157861EB93A0800B4EE5B /* TaskHeaderViewModel.swift in Sources */ = {isa = PBXBuildFile; fileRef = AF5157811EB93A0800B4EE5B /* TaskHeaderViewModel.swift */; };
		AF5157871EB93A0800B4EE5B /* TaskViewModel.swift in Sources */ = {isa = PBXBuildFile; fileRef = AF5157821EB93A0800B4EE5B /* TaskViewModel.swift */; };
		AF51578A1EB93A3300B4EE5B /* TasksDataSource.swift in Sources */ = {isa = PBXBuildFile; fileRef = AF5157881EB93A3300B4EE5B /* TasksDataSource.swift */; };
		AF51578B1EB93A3300B4EE5B /* TasksViewController.swift in Sources */ = {isa = PBXBuildFile; fileRef = AF5157891EB93A3300B4EE5B /* TasksViewController.swift */; };
		AF7BA75A1EB93963003BFAF9 /* AppDelegate.swift in Sources */ = {isa = PBXBuildFile; fileRef = AF7BA7591EB93963003BFAF9 /* AppDelegate.swift */; };
		AF7BA75F1EB93963003BFAF9 /* Main.storyboard in Resources */ = {isa = PBXBuildFile; fileRef = AF7BA75D1EB93963003BFAF9 /* Main.storyboard */; };
		AF7BA7611EB93963003BFAF9 /* Assets.xcassets in Resources */ = {isa = PBXBuildFile; fileRef = AF7BA7601EB93963003BFAF9 /* Assets.xcassets */; };
		AF7BA7641EB93963003BFAF9 /* LaunchScreen.storyboard in Resources */ = {isa = PBXBuildFile; fileRef = AF7BA7621EB93963003BFAF9 /* LaunchScreen.storyboard */; };
/* End PBXBuildFile section */

/* Begin PBXFileReference section */
		AF51577E1EB93A0800B4EE5B /* Task.swift */ = {isa = PBXFileReference; fileEncoding = 4; lastKnownFileType = sourcecode.swift; path = Task.swift; sourceTree = "<group>"; };
		AF51577F1EB93A0800B4EE5B /* TaskCell.swift */ = {isa = PBXFileReference; fileEncoding = 4; lastKnownFileType = sourcecode.swift; path = TaskCell.swift; sourceTree = "<group>"; };
		AF5157801EB93A0800B4EE5B /* TaskHeaderView.swift */ = {isa = PBXFileReference; fileEncoding = 4; lastKnownFileType = sourcecode.swift; path = TaskHeaderView.swift; sourceTree = "<group>"; };
		AF5157811EB93A0800B4EE5B /* TaskHeaderViewModel.swift */ = {isa = PBXFileReference; fileEncoding = 4; lastKnownFileType = sourcecode.swift; path = TaskHeaderViewModel.swift; sourceTree = "<group>"; };
		AF5157821EB93A0800B4EE5B /* TaskViewModel.swift */ = {isa = PBXFileReference; fileEncoding = 4; lastKnownFileType = sourcecode.swift; path = TaskViewModel.swift; sourceTree = "<group>"; };
		AF5157881EB93A3300B4EE5B /* TasksDataSource.swift */ = {isa = PBXFileReference; fileEncoding = 4; lastKnownFileType = sourcecode.swift; path = TasksDataSource.swift; sourceTree = "<group>"; };
		AF5157891EB93A3300B4EE5B /* TasksViewController.swift */ = {isa = PBXFileReference; fileEncoding = 4; lastKnownFileType = sourcecode.swift; path = TasksViewController.swift; sourceTree = "<group>"; };
		AF7BA7561EB93963003BFAF9 /* TaskList.app */ = {isa = PBXFileReference; explicitFileType = wrapper.application; includeInIndex = 0; path = TaskList.app; sourceTree = BUILT_PRODUCTS_DIR; };
		AF7BA7591EB93963003BFAF9 /* AppDelegate.swift */ = {isa = PBXFileReference; lastKnownFileType = sourcecode.swift; path = AppDelegate.swift; sourceTree = "<group>"; };
		AF7BA75E1EB93963003BFAF9 /* Base */ = {isa = PBXFileReference; lastKnownFileType = file.storyboard; name = Base; path = Base.lproj/Main.storyboard; sourceTree = "<group>"; };
		AF7BA7601EB93963003BFAF9 /* Assets.xcassets */ = {isa = PBXFileReference; lastKnownFileType = folder.assetcatalog; path = Assets.xcassets; sourceTree = "<group>"; };
		AF7BA7631EB93963003BFAF9 /* Base */ = {isa = PBXFileReference; lastKnownFileType = file.storyboard; name = Base; path = Base.lproj/LaunchScreen.storyboard; sourceTree = "<group>"; };
		AF7BA7651EB93963003BFAF9 /* Info.plist */ = {isa = PBXFileReference; lastKnownFileType = text.plist.xml; path = Info.plist; sourceTree = "<group>"; };
/* End PBXFileReference section */

/* Begin PBXFrameworksBuildPhase section */
		AF7BA7531EB93963003BFAF9 /* Frameworks */ = {
			isa = PBXFrameworksBuildPhase;
			buildActionMask = 2147483647;
			files = (
			);
			runOnlyForDeploymentPostprocessing = 0;
		};
/* End PBXFrameworksBuildPhase section */

/* Begin PBXGroup section */
		AF51577D1EB93A0800B4EE5B /* Task */ = {
			isa = PBXGroup;
			children = (
				AF51577E1EB93A0800B4EE5B /* Task.swift */,
				AF51577F1EB93A0800B4EE5B /* TaskCell.swift */,
				AF5157801EB93A0800B4EE5B /* TaskHeaderView.swift */,
				AF5157811EB93A0800B4EE5B /* TaskHeaderViewModel.swift */,
				AF5157821EB93A0800B4EE5B /* TaskViewModel.swift */,
			);
			path = Task;
			sourceTree = "<group>";
		};
		AF7BA74D1EB93963003BFAF9 = {
			isa = PBXGroup;
			children = (
				AF7BA7581EB93963003BFAF9 /* TaskList */,
				AF7BA7571EB93963003BFAF9 /* Products */,
			);
			sourceTree = "<group>";
		};
		AF7BA7571EB93963003BFAF9 /* Products */ = {
			isa = PBXGroup;
			children = (
				AF7BA7561EB93963003BFAF9 /* TaskList.app */,
			);
			name = Products;
			sourceTree = "<group>";
		};
		AF7BA7581EB93963003BFAF9 /* TaskList */ = {
			isa = PBXGroup;
			children = (
				AF51577D1EB93A0800B4EE5B /* Task */,
				AF7BA7591EB93963003BFAF9 /* AppDelegate.swift */,
				AF5157881EB93A3300B4EE5B /* TasksDataSource.swift */,
				AF5157891EB93A3300B4EE5B /* TasksViewController.swift */,
				AF7BA75D1EB93963003BFAF9 /* Main.storyboard */,
				AF7BA7601EB93963003BFAF9 /* Assets.xcassets */,
				AF7BA7621EB93963003BFAF9 /* LaunchScreen.storyboard */,
				AF7BA7651EB93963003BFAF9 /* Info.plist */,
			);
			path = TaskList;
			sourceTree = "<group>";
		};
/* End PBXGroup section */

/* Begin PBXNativeTarget section */
		AF7BA7551EB93963003BFAF9 /* TaskList */ = {
			isa = PBXNativeTarget;
			buildConfigurationList = AF7BA7681EB93963003BFAF9 /* Build configuration list for PBXNativeTarget "TaskList" */;
			buildPhases = (
				AF7BA7521EB93963003BFAF9 /* Sources */,
				AF7BA7531EB93963003BFAF9 /* Frameworks */,
				AF7BA7541EB93963003BFAF9 /* Resources */,
			);
			buildRules = (
			);
			dependencies = (
			);
			name = TaskList;
			productName = TaskList;
			productReference = AF7BA7561EB93963003BFAF9 /* TaskList.app */;
			productType = "com.apple.product-type.application";
		};
/* End PBXNativeTarget section */

/* Begin PBXProject section */
		AF7BA74E1EB93963003BFAF9 /* Project object */ = {
			isa = PBXProject;
			attributes = {
				LastSwiftUpdateCheck = 0830;
				LastUpgradeCheck = 0830;
				ORGANIZATIONNAME = "Andrea Prearo";
				TargetAttributes = {
					AF7BA7551EB93963003BFAF9 = {
						CreatedOnToolsVersion = 8.3.2;
						ProvisioningStyle = Automatic;
					};
				};
			};
			buildConfigurationList = AF7BA7511EB93963003BFAF9 /* Build configuration list for PBXProject "TaskList" */;
			compatibilityVersion = "Xcode 3.2";
			developmentRegion = English;
			hasScannedForEncodings = 0;
			knownRegions = (
				en,
				Base,
			);
			mainGroup = AF7BA74D1EB93963003BFAF9;
			productRefGroup = AF7BA7571EB93963003BFAF9 /* Products */;
			projectDirPath = "";
			projectRoot = "";
			targets = (
				AF7BA7551EB93963003BFAF9 /* TaskList */,
			);
		};
/* End PBXProject section */

/* Begin PBXResourcesBuildPhase section */
		AF7BA7541EB93963003BFAF9 /* Resources */ = {
			isa = PBXResourcesBuildPhase;
			buildActionMask = 2147483647;
			files = (
				AF7BA7641EB93963003BFAF9 /* LaunchScreen.storyboard in Resources */,
				AF7BA7611EB93963003BFAF9 /* Assets.xcassets in Resources */,
				AF7BA75F1EB93963003BFAF9 /* Main.storyboard in Resources */,
			);
			runOnlyForDeploymentPostprocessing = 0;
		};
/* End PBXResourcesBuildPhase section */

/* Begin PBXSourcesBuildPhase section */
		AF7BA7521EB93963003BFAF9 /* Sources */ = {
			isa = PBXSourcesBuildPhase;
			buildActionMask = 2147483647;
			files = (
				AF5157831EB93A0800B4EE5B /* Task.swift in Sources */,
				AF51578B1EB93A3300B4EE5B /* TasksViewController.swift in Sources */,
				AF5157871EB93A0800B4EE5B /* TaskViewModel.swift in Sources */,
				AF5157841EB93A0800B4EE5B /* TaskCell.swift in Sources */,
				AF5157851EB93A0800B4EE5B /* TaskHeaderView.swift in Sources */,
				AF7BA75A1EB93963003BFAF9 /* AppDelegate.swift in Sources */,
				AF51578A1EB93A3300B4EE5B /* TasksDataSource.swift in Sources */,
				AF5157861EB93A0800B4EE5B /* TaskHeaderViewModel.swift in Sources */,
			);
			runOnlyForDeploymentPostprocessing = 0;
		};
/* End PBXSourcesBuildPhase section */

/* Begin PBXVariantGroup section */
		AF7BA75D1EB93963003BFAF9 /* Main.storyboard */ = {
			isa = PBXVariantGroup;
			children = (
				AF7BA75E1EB93963003BFAF9 /* Base */,
			);
			name = Main.storyboard;
			sourceTree = "<group>";
		};
		AF7BA7621EB93963003BFAF9 /* LaunchScreen.storyboard */ = {
			isa = PBXVariantGroup;
			children = (
				AF7BA7631EB93963003BFAF9 /* Base */,
			);
			name = LaunchScreen.storyboard;
			sourceTree = "<group>";
		};
/* End PBXVariantGroup section */

/* Begin XCBuildConfiguration section */
		AF7BA7661EB93963003BFAF9 /* Debug */ = {
			isa = XCBuildConfiguration;
			buildSettings = {
				ALWAYS_SEARCH_USER_PATHS = NO;
				CLANG_ANALYZER_NONNULL = YES;
				CLANG_ANALYZER_NUMBER_OBJECT_CONVERSION = YES_AGGRESSIVE;
				CLANG_CXX_LANGUAGE_STANDARD = "gnu++0x";
				CLANG_CXX_LIBRARY = "libc++";
				CLANG_ENABLE_MODULES = YES;
				CLANG_ENABLE_OBJC_ARC = YES;
				CLANG_WARN_BOOL_CONVERSION = YES;
				CLANG_WARN_CONSTANT_CONVERSION = YES;
				CLANG_WARN_DIRECT_OBJC_ISA_USAGE = YES_ERROR;
				CLANG_WARN_DOCUMENTATION_COMMENTS = YES;
				CLANG_WARN_EMPTY_BODY = YES;
				CLANG_WARN_ENUM_CONVERSION = YES;
				CLANG_WARN_INFINITE_RECURSION = YES;
				CLANG_WARN_INT_CONVERSION = YES;
				CLANG_WARN_OBJC_ROOT_CLASS = YES_ERROR;
				CLANG_WARN_SUSPICIOUS_MOVE = YES;
				CLANG_WARN_UNREACHABLE_CODE = YES;
				CLANG_WARN__DUPLICATE_METHOD_MATCH = YES;
				"CODE_SIGN_IDENTITY[sdk=iphoneos*]" = "iPhone Developer";
				COPY_PHASE_STRIP = NO;
				DEBUG_INFORMATION_FORMAT = dwarf;
				ENABLE_STRICT_OBJC_MSGSEND = YES;
				ENABLE_TESTABILITY = YES;
				GCC_C_LANGUAGE_STANDARD = gnu99;
				GCC_DYNAMIC_NO_PIC = NO;
				GCC_NO_COMMON_BLOCKS = YES;
				GCC_OPTIMIZATION_LEVEL = 0;
				GCC_PREPROCESSOR_DEFINITIONS = (
					"DEBUG=1",
					"$(inherited)",
				);
				GCC_WARN_64_TO_32_BIT_CONVERSION = YES;
				GCC_WARN_ABOUT_RETURN_TYPE = YES_ERROR;
				GCC_WARN_UNDECLARED_SELECTOR = YES;
				GCC_WARN_UNINITIALIZED_AUTOS = YES_AGGRESSIVE;
				GCC_WARN_UNUSED_FUNCTION = YES;
				GCC_WARN_UNUSED_VARIABLE = YES;
				IPHONEOS_DEPLOYMENT_TARGET = 10.3;
				MTL_ENABLE_DEBUG_INFO = YES;
				ONLY_ACTIVE_ARCH = YES;
				SDKROOT = iphoneos;
				SWIFT_ACTIVE_COMPILATION_CONDITIONS = DEBUG;
				SWIFT_OPTIMIZATION_LEVEL = "-Onone";
				TARGETED_DEVICE_FAMILY = "1,2";
			};
			name = Debug;
		};
		AF7BA7671EB93963003BFAF9 /* Release */ = {
			isa = XCBuildConfiguration;
			buildSettings = {
				ALWAYS_SEARCH_USER_PATHS = NO;
				CLANG_ANALYZER_NONNULL = YES;
				CLANG_ANALYZER_NUMBER_OBJECT_CONVERSION = YES_AGGRESSIVE;
				CLANG_CXX_LANGUAGE_STANDARD = "gnu++0x";
				CLANG_CXX_LIBRARY = "libc++";
				CLANG_ENABLE_MODULES = YES;
				CLANG_ENABLE_OBJC_ARC = YES;
				CLANG_WARN_BOOL_CONVERSION = YES;
				CLANG_WARN_CONSTANT_CONVERSION = YES;
				CLANG_WARN_DIRECT_OBJC_ISA_USAGE = YES_ERROR;
				CLANG_WARN_DOCUMENTATION_COMMENTS = YES;
				CLANG_WARN_EMPTY_BODY = YES;
				CLANG_WARN_ENUM_CONVERSION = YES;
				CLANG_WARN_INFINITE_RECURSION = YES;
				CLANG_WARN_INT_CONVERSION = YES;
				CLANG_WARN_OBJC_ROOT_CLASS = YES_ERROR;
				CLANG_WARN_SUSPICIOUS_MOVE = YES;
				CLANG_WARN_UNREACHABLE_CODE = YES;
				CLANG_WARN__DUPLICATE_METHOD_MATCH = YES;
				"CODE_SIGN_IDENTITY[sdk=iphoneos*]" = "iPhone Developer";
				COPY_PHASE_STRIP = NO;
				DEBUG_INFORMATION_FORMAT = "dwarf-with-dsym";
				ENABLE_NS_ASSERTIONS = NO;
				ENABLE_STRICT_OBJC_MSGSEND = YES;
				GCC_C_LANGUAGE_STANDARD = gnu99;
				GCC_NO_COMMON_BLOCKS = YES;
				GCC_WARN_64_TO_32_BIT_CONVERSION = YES;
				GCC_WARN_ABOUT_RETURN_TYPE = YES_ERROR;
				GCC_WARN_UNDECLARED_SELECTOR = YES;
				GCC_WARN_UNINITIALIZED_AUTOS = YES_AGGRESSIVE;
				GCC_WARN_UNUSED_FUNCTION = YES;
				GCC_WARN_UNUSED_VARIABLE = YES;
				IPHONEOS_DEPLOYMENT_TARGET = 10.3;
				MTL_ENABLE_DEBUG_INFO = NO;
				SDKROOT = iphoneos;
				SWIFT_OPTIMIZATION_LEVEL = "-Owholemodule";
				TARGETED_DEVICE_FAMILY = "1,2";
				VALIDATE_PRODUCT = YES;
			};
			name = Release;
		};
		AF7BA7691EB93963003BFAF9 /* Debug */ = {
			isa = XCBuildConfiguration;
			buildSettings = {
				ASSETCATALOG_COMPILER_APPICON_NAME = AppIcon;
				INFOPLIST_FILE = TaskList/Info.plist;
				LD_RUNPATH_SEARCH_PATHS = "$(inherited) @executable_path/Frameworks";
				PRODUCT_BUNDLE_IDENTIFIER = com.aprearo.TaskList;
				PRODUCT_NAME = "$(TARGET_NAME)";
				SWIFT_VERSION = 3.0;
			};
			name = Debug;
		};
		AF7BA76A1EB93963003BFAF9 /* Release */ = {
			isa = XCBuildConfiguration;
			buildSettings = {
				ASSETCATALOG_COMPILER_APPICON_NAME = AppIcon;
				INFOPLIST_FILE = TaskList/Info.plist;
				LD_RUNPATH_SEARCH_PATHS = "$(inherited) @executable_path/Frameworks";
				PRODUCT_BUNDLE_IDENTIFIER = com.aprearo.TaskList;
				PRODUCT_NAME = "$(TARGET_NAME)";
				SWIFT_VERSION = 3.0;
			};
			name = Release;
		};
/* End XCBuildConfiguration section */

/* Begin XCConfigurationList section */
		AF7BA7511EB93963003BFAF9 /* Build configuration list for PBXProject "TaskList" */ = {
			isa = XCConfigurationList;
			buildConfigurations = (
				AF7BA7661EB93963003BFAF9 /* Debug */,
				AF7BA7671EB93963003BFAF9 /* Release */,
			);
			defaultConfigurationIsVisible = 0;
			defaultConfigurationName = Release;
		};
		AF7BA7681EB93963003BFAF9 /* Build configuration list for PBXNativeTarget "TaskList" */ = {
			isa = XCConfigurationList;
			buildConfigurations = (
				AF7BA7691EB93963003BFAF9 /* Debug */,
				AF7BA76A1EB93963003BFAF9 /* Release */,
			);
			defaultConfigurationIsVisible = 0;
			defaultConfigurationName = Release;
		};
/* End XCConfigurationList section */
	};
	rootObject = AF7BA74E1EB93963003BFAF9 /* Project object */;
}
